
Microsoft Visual Studio Solution File, Format Version 12.00
# Visual Studio Version 16
VisualStudioVersion = 16.0.33423.256
MinimumVisualStudioVersion = 10.0.40219.1
Project("{FAE04EC0-301F-11D3-BF4B-00C04F79EFBC}") = "WebQLKSORACLE", "WebQLKSORACLE\WebQLKSORACLE.csproj", "{1C014660-783F-4F41-AC81-D24A32069561}"
EndProject
Global
	GlobalSection(SolutionConfigurationPlatforms) = preSolution
		Debug|Any CPU = Debug|Any CPU
		Release|Any CPU = Release|Any CPU
	EndGlobalSection
	GlobalSection(ProjectConfigurationPlatforms) = postSolution
		{1C014660-783F-4F41-AC81-D24A32069561}.Debug|Any CPU.ActiveCfg = Debug|Any CPU
		{1C014660-783F-4F41-AC81-D24A32069561}.Debug|Any CPU.Build.0 = Debug|Any CPU
		{1C014660-783F-4F41-AC81-D24A32069561}.Release|Any CPU.ActiveCfg = Release|Any CPU
		{1C014660-783F-4F41-AC81-D24A32069561}.Release|Any CPU.Build.0 = Release|Any CPU
	EndGlobalSection
	GlobalSection(SolutionProperties) = preSolution
		HideSolutionNode = FALSE
	EndGlobalSection
	GlobalSection(ExtensibilityGlobals) = postSolution
		SolutionGuid = {2A264CCD-10F2-4985-8B6F-0E6FC72AFF88}
	EndGlobalSection
EndGlobal
